
Microsoft Visual Studio Solution File, Format Version 12.00
# Visual Studio 15
VisualStudioVersion = 15.0.26124.0
MinimumVisualStudioVersion = 15.0.26124.0
Project("{FAE04EC0-301F-11D3-BF4B-00C04F79EFBC}") = "WSNet2.Client", "WSNet2.Client\WSNet2.Client.csproj", "{782A3925-4C5A-4AA7-82B2-5D35575FCF4C}"
EndProject
Project("{FAE04EC0-301F-11D3-BF4B-00C04F79EFBC}") = "WSNet2.Core.Test", "WSNet2.Core.Test\WSNet2.Core.Test.csproj", "{068F020D-FED3-4488-8222-65610A97BECB}"
EndProject
Project("{FAE04EC0-301F-11D3-BF4B-00C04F79EFBC}") = "WSNet2.Sample", "WSNet2.Sample\WSNet2.Sample.csproj", "{2F582B9A-4BC7-4D58-A3D4-287730ADFE63}"
EndProject
Global
	GlobalSection(SolutionConfigurationPlatforms) = preSolution
		Debug|Any CPU = Debug|Any CPU
		Debug|x64 = Debug|x64
		Debug|x86 = Debug|x86
		Release|Any CPU = Release|Any CPU
		Release|x64 = Release|x64
		Release|x86 = Release|x86
	EndGlobalSection
	GlobalSection(SolutionProperties) = preSolution
		HideSolutionNode = FALSE
	EndGlobalSection
	GlobalSection(ProjectConfigurationPlatforms) = postSolution
		{782A3925-4C5A-4AA7-82B2-5D35575FCF4C}.Debug|Any CPU.ActiveCfg = Debug|Any CPU
		{782A3925-4C5A-4AA7-82B2-5D35575FCF4C}.Debug|Any CPU.Build.0 = Debug|Any CPU
		{782A3925-4C5A-4AA7-82B2-5D35575FCF4C}.Debug|x64.ActiveCfg = Debug|Any CPU
		{782A3925-4C5A-4AA7-82B2-5D35575FCF4C}.Debug|x64.Build.0 = Debug|Any CPU
		{782A3925-4C5A-4AA7-82B2-5D35575FCF4C}.Debug|x86.ActiveCfg = Debug|Any CPU
		{782A3925-4C5A-4AA7-82B2-5D35575FCF4C}.Debug|x86.Build.0 = Debug|Any CPU
		{782A3925-4C5A-4AA7-82B2-5D35575FCF4C}.Release|Any CPU.ActiveCfg = Release|Any CPU
		{782A3925-4C5A-4AA7-82B2-5D35575FCF4C}.Release|Any CPU.Build.0 = Release|Any CPU
		{782A3925-4C5A-4AA7-82B2-5D35575FCF4C}.Release|x64.ActiveCfg = Release|Any CPU
		{782A3925-4C5A-4AA7-82B2-5D35575FCF4C}.Release|x64.Build.0 = Release|Any CPU
		{782A3925-4C5A-4AA7-82B2-5D35575FCF4C}.Release|x86.ActiveCfg = Release|Any CPU
		{782A3925-4C5A-4AA7-82B2-5D35575FCF4C}.Release|x86.Build.0 = Release|Any CPU
		{068F020D-FED3-4488-8222-65610A97BECB}.Debug|Any CPU.ActiveCfg = Debug|Any CPU
		{068F020D-FED3-4488-8222-65610A97BECB}.Debug|Any CPU.Build.0 = Debug|Any CPU
		{068F020D-FED3-4488-8222-65610A97BECB}.Debug|x64.ActiveCfg = Debug|Any CPU
		{068F020D-FED3-4488-8222-65610A97BECB}.Debug|x64.Build.0 = Debug|Any CPU
		{068F020D-FED3-4488-8222-65610A97BECB}.Debug|x86.ActiveCfg = Debug|Any CPU
		{068F020D-FED3-4488-8222-65610A97BECB}.Debug|x86.Build.0 = Debug|Any CPU
		{068F020D-FED3-4488-8222-65610A97BECB}.Release|Any CPU.ActiveCfg = Release|Any CPU
		{068F020D-FED3-4488-8222-65610A97BECB}.Release|Any CPU.Build.0 = Release|Any CPU
		{068F020D-FED3-4488-8222-65610A97BECB}.Release|x64.ActiveCfg = Release|Any CPU
		{068F020D-FED3-4488-8222-65610A97BECB}.Release|x64.Build.0 = Release|Any CPU
		{068F020D-FED3-4488-8222-65610A97BECB}.Release|x86.ActiveCfg = Release|Any CPU
		{068F020D-FED3-4488-8222-65610A97BECB}.Release|x86.Build.0 = Release|Any CPU
		{2F582B9A-4BC7-4D58-A3D4-287730ADFE63}.Debug|Any CPU.ActiveCfg = Debug|Any CPU
		{2F582B9A-4BC7-4D58-A3D4-287730ADFE63}.Debug|Any CPU.Build.0 = Debug|Any CPU
		{2F582B9A-4BC7-4D58-A3D4-287730ADFE63}.Debug|x64.ActiveCfg = Debug|Any CPU
		{2F582B9A-4BC7-4D58-A3D4-287730ADFE63}.Debug|x64.Build.0 = Debug|Any CPU
		{2F582B9A-4BC7-4D58-A3D4-287730ADFE63}.Debug|x86.ActiveCfg = Debug|Any CPU
		{2F582B9A-4BC7-4D58-A3D4-287730ADFE63}.Debug|x86.Build.0 = Debug|Any CPU
		{2F582B9A-4BC7-4D58-A3D4-287730ADFE63}.Release|Any CPU.ActiveCfg = Release|Any CPU
		{2F582B9A-4BC7-4D58-A3D4-287730ADFE63}.Release|Any CPU.Build.0 = Release|Any CPU
		{2F582B9A-4BC7-4D58-A3D4-287730ADFE63}.Release|x64.ActiveCfg = Release|Any CPU
		{2F582B9A-4BC7-4D58-A3D4-287730ADFE63}.Release|x64.Build.0 = Release|Any CPU
		{2F582B9A-4BC7-4D58-A3D4-287730ADFE63}.Release|x86.ActiveCfg = Release|Any CPU
		{2F582B9A-4BC7-4D58-A3D4-287730ADFE63}.Release|x86.Build.0 = Release|Any CPU
	EndGlobalSection
EndGlobal
